
Microsoft Visual Studio Solution File, Format Version 12.00
# Visual Studio Version 17
VisualStudioVersion = 17.5.002.0
MinimumVisualStudioVersion = 10.0.40219.1
Project("{9A19103F-16F7-4668-BE54-9A1E7A4F7556}") = "Estacionamento", "Estacionamento.csproj", "{C767B8A6-2B0C-475D-B55D-C2A8041DB59A}"
EndProject
Global
	GlobalSection(SolutionConfigurationPlatforms) = preSolution
		Debug|Any CPU = Debug|Any CPU
		Release|Any CPU = Release|Any CPU
	EndGlobalSection
	GlobalSection(ProjectConfigurationPlatforms) = postSolution
		{C767B8A6-2B0C-475D-B55D-C2A8041DB59A}.Debug|Any CPU.ActiveCfg = Debug|Any CPU
		{C767B8A6-2B0C-475D-B55D-C2A8041DB59A}.Debug|Any CPU.Build.0 = Debug|Any CPU
		{C767B8A6-2B0C-475D-B55D-C2A8041DB59A}.Release|Any CPU.ActiveCfg = Release|Any CPU
		{C767B8A6-2B0C-475D-B55D-C2A8041DB59A}.Release|Any CPU.Build.0 = Release|Any CPU
	EndGlobalSection
	GlobalSection(SolutionProperties) = preSolution
		HideSolutionNode = FALSE
	EndGlobalSection
	GlobalSection(ExtensibilityGlobals) = postSolution
		SolutionGuid = {1C4C4427-F6F1-45AD-A9C6-B8F6FEA3C56D}
	EndGlobalSection
EndGlobal
